// !$*UTF8*$!
{
	archiveVersion = 1;
	classes = {
	};
	objectVersion = 56;
	objects = {

/* Begin PBXBuildFile section */
		27F7E3977105D77D0B82C6A2 /* Pods_GymManager.framework in Frameworks */ = {isa = PBXBuildFile; fileRef = B6939868286C4B867AA76925 /* Pods_GymManager.framework */; };
		CA0185992C00FE6600F1ADF0 /* HomeViewModel.swift in Sources */ = {isa = PBXBuildFile; fileRef = CA0185982C00FE6600F1ADF0 /* HomeViewModel.swift */; };
		CA24B4382BE12B6B0035C4AD /* AppDelegate.swift in Sources */ = {isa = PBXBuildFile; fileRef = CA24B4372BE12B6B0035C4AD /* AppDelegate.swift */; };
		CA24B43A2BE12B6B0035C4AD /* SceneDelegate.swift in Sources */ = {isa = PBXBuildFile; fileRef = CA24B4392BE12B6B0035C4AD /* SceneDelegate.swift */; };
		CA24B4412BE12B6C0035C4AD /* Assets.xcassets in Resources */ = {isa = PBXBuildFile; fileRef = CA24B4402BE12B6C0035C4AD /* Assets.xcassets */; };
		CA24B4442BE12B6C0035C4AD /* LaunchScreen.storyboard in Resources */ = {isa = PBXBuildFile; fileRef = CA24B4422BE12B6C0035C4AD /* LaunchScreen.storyboard */; };
		CA486E232BF2B50B0097FAA7 /* HomeView.swift in Sources */ = {isa = PBXBuildFile; fileRef = CA486E222BF2B50B0097FAA7 /* HomeView.swift */; };
		CA486E252BF2B51A0097FAA7 /* HomeViewController.swift in Sources */ = {isa = PBXBuildFile; fileRef = CA486E242BF2B51A0097FAA7 /* HomeViewController.swift */; };
		CA486E272BF2B5260097FAA7 /* HomeViewDelegate.swift in Sources */ = {isa = PBXBuildFile; fileRef = CA486E262BF2B5260097FAA7 /* HomeViewDelegate.swift */; };
		CA486E292BF2BDC80097FAA7 /* HomeCoordinator.swift in Sources */ = {isa = PBXBuildFile; fileRef = CA486E282BF2BDC80097FAA7 /* HomeCoordinator.swift */; };
		CA486E2B2BF2C6BD0097FAA7 /* HomeWorksheetCollectionViewCell.swift in Sources */ = {isa = PBXBuildFile; fileRef = CA486E2A2BF2C6BD0097FAA7 /* HomeWorksheetCollectionViewCell.swift */; };
		CA4D22512BEA53EF00DD7D06 /* IndexView.swift in Sources */ = {isa = PBXBuildFile; fileRef = CA4D22502BEA53EF00DD7D06 /* IndexView.swift */; };
		CA4D22542BEA547E00DD7D06 /* CoordinatorProtocol.swift in Sources */ = {isa = PBXBuildFile; fileRef = CA4D22532BEA547E00DD7D06 /* CoordinatorProtocol.swift */; };
		CA4D22562BEA54D600DD7D06 /* IndexCoordinator.swift in Sources */ = {isa = PBXBuildFile; fileRef = CA4D22552BEA54D600DD7D06 /* IndexCoordinator.swift */; };
		CA4D22582BEA551D00DD7D06 /* IndexViewController.swift in Sources */ = {isa = PBXBuildFile; fileRef = CA4D22572BEA551D00DD7D06 /* IndexViewController.swift */; };
		CA4D225A2BEA5D4800DD7D06 /* UIViewExtension.swift in Sources */ = {isa = PBXBuildFile; fileRef = CA4D22592BEA5D4800DD7D06 /* UIViewExtension.swift */; };
		CA67B9252BED09F800221906 /* RegisterIndexView.swift in Sources */ = {isa = PBXBuildFile; fileRef = CA67B9242BED09F800221906 /* RegisterIndexView.swift */; };
		CA67B9272BED0A3300221906 /* RegisterIndexViewController.swift in Sources */ = {isa = PBXBuildFile; fileRef = CA67B9262BED0A3300221906 /* RegisterIndexViewController.swift */; };
		CA67B92A2BED0A7500221906 /* RegisterIndexViewDelegate.swift in Sources */ = {isa = PBXBuildFile; fileRef = CA67B9292BED0A7500221906 /* RegisterIndexViewDelegate.swift */; };
		CA67B92C2BED0A8B00221906 /* RegisterIndexCoordinator.swift in Sources */ = {isa = PBXBuildFile; fileRef = CA67B92B2BED0A8B00221906 /* RegisterIndexCoordinator.swift */; };
		CA67B92F2BED2A7800221906 /* RegisterGenderViewController.swift in Sources */ = {isa = PBXBuildFile; fileRef = CA67B92E2BED2A7800221906 /* RegisterGenderViewController.swift */; };
		CA67B9312BED2A8B00221906 /* RegisterGenderView.swift in Sources */ = {isa = PBXBuildFile; fileRef = CA67B9302BED2A8B00221906 /* RegisterGenderView.swift */; };
		CA67B9332BED2A9E00221906 /* RegisterGenderDelegate.swift in Sources */ = {isa = PBXBuildFile; fileRef = CA67B9322BED2A9E00221906 /* RegisterGenderDelegate.swift */; };
		CA67B9352BED2AE500221906 /* RegisterGenderCoordinator.swift in Sources */ = {isa = PBXBuildFile; fileRef = CA67B9342BED2AE500221906 /* RegisterGenderCoordinator.swift */; };
		CA67B9382BED455C00221906 /* RegisterAgeView.swift in Sources */ = {isa = PBXBuildFile; fileRef = CA67B9372BED455C00221906 /* RegisterAgeView.swift */; };
		CA67B93A2BED456B00221906 /* RegisterAgeViewController.swift in Sources */ = {isa = PBXBuildFile; fileRef = CA67B9392BED456B00221906 /* RegisterAgeViewController.swift */; };
		CA67B93C2BED457C00221906 /* RegisterAgeViewDelegate.swift in Sources */ = {isa = PBXBuildFile; fileRef = CA67B93B2BED457C00221906 /* RegisterAgeViewDelegate.swift */; };
		CA67B93E2BED45A200221906 /* RegisterAgeCoordinator.swift in Sources */ = {isa = PBXBuildFile; fileRef = CA67B93D2BED45A200221906 /* RegisterAgeCoordinator.swift */; };
		CA7AA8472BF23A7400A5DA33 /* RegisterWeightViewController.swift in Sources */ = {isa = PBXBuildFile; fileRef = CA7AA8462BF23A7400A5DA33 /* RegisterWeightViewController.swift */; };
		CA7AA8492BF23A8900A5DA33 /* RegisterWeightView.swift in Sources */ = {isa = PBXBuildFile; fileRef = CA7AA8482BF23A8900A5DA33 /* RegisterWeightView.swift */; };
		CA7AA84B2BF23A9F00A5DA33 /* RegisterWeightViewDelegate.swift in Sources */ = {isa = PBXBuildFile; fileRef = CA7AA84A2BF23A9F00A5DA33 /* RegisterWeightViewDelegate.swift */; };
		CA7AA84D2BF23B7300A5DA33 /* RegisterWeightCoordinator.swift in Sources */ = {isa = PBXBuildFile; fileRef = CA7AA84C2BF23B7300A5DA33 /* RegisterWeightCoordinator.swift */; };
		CA7AA8502BF2436E00A5DA33 /* RegisterGoalView.swift in Sources */ = {isa = PBXBuildFile; fileRef = CA7AA84F2BF2436E00A5DA33 /* RegisterGoalView.swift */; };
		CA7AA8522BF2437D00A5DA33 /* RegisterGoalViewController.swift in Sources */ = {isa = PBXBuildFile; fileRef = CA7AA8512BF2437D00A5DA33 /* RegisterGoalViewController.swift */; };
		CA7AA8542BF2438900A5DA33 /* RegisterGoalViewDelegate.swift in Sources */ = {isa = PBXBuildFile; fileRef = CA7AA8532BF2438900A5DA33 /* RegisterGoalViewDelegate.swift */; };
		CA7AA8562BF244EC00A5DA33 /* RegisterGoalCoordinator.swift in Sources */ = {isa = PBXBuildFile; fileRef = CA7AA8552BF244EC00A5DA33 /* RegisterGoalCoordinator.swift */; };
		CA7AA85A2BF2493A00A5DA33 /* RegisterSucessViewController.swift in Sources */ = {isa = PBXBuildFile; fileRef = CA7AA8592BF2493A00A5DA33 /* RegisterSucessViewController.swift */; };
		CA7AA85C2BF2495500A5DA33 /* RegisterSucessView.swift in Sources */ = {isa = PBXBuildFile; fileRef = CA7AA85B2BF2495500A5DA33 /* RegisterSucessView.swift */; };
		CA7AA85E2BF2496B00A5DA33 /* RegisterSucessViewDelegate.swift in Sources */ = {isa = PBXBuildFile; fileRef = CA7AA85D2BF2496B00A5DA33 /* RegisterSucessViewDelegate.swift */; };
		CA7AA8602BF24A6300A5DA33 /* RegisterSucessCoordinator.swift in Sources */ = {isa = PBXBuildFile; fileRef = CA7AA85F2BF24A6300A5DA33 /* RegisterSucessCoordinator.swift */; };
		CA940B802BF4DAD500548C36 /* UserBuilder.swift in Sources */ = {isa = PBXBuildFile; fileRef = CA940B7F2BF4DAD500548C36 /* UserBuilder.swift */; };
		CA940B822BF4DB5600548C36 /* Worksheet.swift in Sources */ = {isa = PBXBuildFile; fileRef = CA940B812BF4DB5600548C36 /* Worksheet.swift */; };
		CA940B842BF4DB7500548C36 /* Assessment.swift in Sources */ = {isa = PBXBuildFile; fileRef = CA940B832BF4DB7500548C36 /* Assessment.swift */; };
		CA940B882BF4E40200548C36 /* RegisterViewModel.swift in Sources */ = {isa = PBXBuildFile; fileRef = CA940B872BF4E40200548C36 /* RegisterViewModel.swift */; };
		CA971F962BEA757C00D03161 /* RobotoSlab-Black.ttf in Resources */ = {isa = PBXBuildFile; fileRef = CA971F902BEA757C00D03161 /* RobotoSlab-Black.ttf */; };
		CA971F972BEA757C00D03161 /* RobotoSlab-ExtraLight.ttf in Resources */ = {isa = PBXBuildFile; fileRef = CA971F912BEA757C00D03161 /* RobotoSlab-ExtraLight.ttf */; };
		CA971F982BEA757C00D03161 /* RobotoSlab-SemiBold.ttf in Resources */ = {isa = PBXBuildFile; fileRef = CA971F922BEA757C00D03161 /* RobotoSlab-SemiBold.ttf */; };
		CA971F992BEA757C00D03161 /* RobotoSlab-ExtraBold.ttf in Resources */ = {isa = PBXBuildFile; fileRef = CA971F932BEA757C00D03161 /* RobotoSlab-ExtraBold.ttf */; };
		CA971F9A2BEA757C00D03161 /* RobotoSlab-Bold.ttf in Resources */ = {isa = PBXBuildFile; fileRef = CA971F942BEA757C00D03161 /* RobotoSlab-Bold.ttf */; };
		CA971F9B2BEA757C00D03161 /* RobotoSlab-Regular.ttf in Resources */ = {isa = PBXBuildFile; fileRef = CA971F952BEA757C00D03161 /* RobotoSlab-Regular.ttf */; };
		CA971F9D2BEA908C00D03161 /* IndexViewDelegate.swift in Sources */ = {isa = PBXBuildFile; fileRef = CA971F9C2BEA908C00D03161 /* IndexViewDelegate.swift */; };
		CA971FA02BEA92AB00D03161 /* AboutViewController.swift in Sources */ = {isa = PBXBuildFile; fileRef = CA971F9F2BEA92AB00D03161 /* AboutViewController.swift */; };
		CA971FA22BEA92D400D03161 /* AboutCoordinator.swift in Sources */ = {isa = PBXBuildFile; fileRef = CA971FA12BEA92D400D03161 /* AboutCoordinator.swift */; };
		CA971FA42BEA97E400D03161 /* AboutView.swift in Sources */ = {isa = PBXBuildFile; fileRef = CA971FA32BEA97E400D03161 /* AboutView.swift */; };
		CA971FA62BEA9B1C00D03161 /* CustomText.swift in Sources */ = {isa = PBXBuildFile; fileRef = CA971FA52BEA9B1C00D03161 /* CustomText.swift */; };
		CA971FA82BEAA2EB00D03161 /* AboutViewDelegate.swift in Sources */ = {isa = PBXBuildFile; fileRef = CA971FA72BEAA2EB00D03161 /* AboutViewDelegate.swift */; };
		CA971FAB2BEAA76C00D03161 /* LoginViewController.swift in Sources */ = {isa = PBXBuildFile; fileRef = CA971FAA2BEAA76C00D03161 /* LoginViewController.swift */; };
		CA971FAD2BEAA78400D03161 /* LoginView.swift in Sources */ = {isa = PBXBuildFile; fileRef = CA971FAC2BEAA78400D03161 /* LoginView.swift */; };
		CA971FAF2BEAA83400D03161 /* LoginViewDelegate.swift in Sources */ = {isa = PBXBuildFile; fileRef = CA971FAE2BEAA83400D03161 /* LoginViewDelegate.swift */; };
		CA971FB12BEAA8B900D03161 /* LoginCoordinator.swift in Sources */ = {isa = PBXBuildFile; fileRef = CA971FB02BEAA8B900D03161 /* LoginCoordinator.swift */; };
		CAA9740C2C04B0670064E246 /* GoogleService-Info.plist in Resources */ = {isa = PBXBuildFile; fileRef = CAA9740B2C04B0670064E246 /* GoogleService-Info.plist */; };
		CABB76462BF3964A00C946BC /* User.swift in Sources */ = {isa = PBXBuildFile; fileRef = CABB76452BF3964A00C946BC /* User.swift */; };
		CAC219522BE97C3E0023EB1C /* CustomFont.swift in Sources */ = {isa = PBXBuildFile; fileRef = CAC219512BE97C3E0023EB1C /* CustomFont.swift */; };
		CACAC1E42BEBD64300B2FCFA /* ForgotView.swift in Sources */ = {isa = PBXBuildFile; fileRef = CACAC1E32BEBD64300B2FCFA /* ForgotView.swift */; };
		CACAC1E62BEBD64F00B2FCFA /* ForgotViewController.swift in Sources */ = {isa = PBXBuildFile; fileRef = CACAC1E52BEBD64F00B2FCFA /* ForgotViewController.swift */; };
		CACAC1E82BEBD66500B2FCFA /* ForgotViewDelegate.swift in Sources */ = {isa = PBXBuildFile; fileRef = CACAC1E72BEBD66500B2FCFA /* ForgotViewDelegate.swift */; };
		CACAC1EA2BEBD68E00B2FCFA /* ForgotCoordinator.swift in Sources */ = {isa = PBXBuildFile; fileRef = CACAC1E92BEBD68E00B2FCFA /* ForgotCoordinator.swift */; };
		CAD8B9F82BE45CD700506275 /* CustomColor.swift in Sources */ = {isa = PBXBuildFile; fileRef = CAD8B9F72BE45CD700506275 /* CustomColor.swift */; };
		CAEE3B032BFED97F00034F1D /* HorizontalPickerView.swift in Sources */ = {isa = PBXBuildFile; fileRef = CAEE3B022BFED97F00034F1D /* HorizontalPickerView.swift */; };
		CAF066F62BEE8F1F000C3649 /* RegisterHeightViewController.swift in Sources */ = {isa = PBXBuildFile; fileRef = CAF066F52BEE8F1F000C3649 /* RegisterHeightViewController.swift */; };
		CAF066F82BEE8F3B000C3649 /* RegisterHeightView.swift in Sources */ = {isa = PBXBuildFile; fileRef = CAF066F72BEE8F3B000C3649 /* RegisterHeightView.swift */; };
		CAF066FA2BEE8F4A000C3649 /* RegisterHeightViewDelegate.swift in Sources */ = {isa = PBXBuildFile; fileRef = CAF066F92BEE8F4A000C3649 /* RegisterHeightViewDelegate.swift */; };
		CAF066FC2BEE902E000C3649 /* RegisterHeightCoordinator.swift in Sources */ = {isa = PBXBuildFile; fileRef = CAF066FB2BEE902E000C3649 /* RegisterHeightCoordinator.swift */; };
/* End PBXBuildFile section */

/* Begin PBXFileReference section */
		44D715590FB565B9930C66FE /* Pods-GymManager.release.xcconfig */ = {isa = PBXFileReference; includeInIndex = 1; lastKnownFileType = text.xcconfig; name = "Pods-GymManager.release.xcconfig"; path = "Target Support Files/Pods-GymManager/Pods-GymManager.release.xcconfig"; sourceTree = "<group>"; };
		9FCC5D21A41C617CAC098BC2 /* Pods-GymManager.debug.xcconfig */ = {isa = PBXFileReference; includeInIndex = 1; lastKnownFileType = text.xcconfig; name = "Pods-GymManager.debug.xcconfig"; path = "Target Support Files/Pods-GymManager/Pods-GymManager.debug.xcconfig"; sourceTree = "<group>"; };
		B6939868286C4B867AA76925 /* Pods_GymManager.framework */ = {isa = PBXFileReference; explicitFileType = wrapper.framework; includeInIndex = 0; path = Pods_GymManager.framework; sourceTree = BUILT_PRODUCTS_DIR; };
		CA0185982C00FE6600F1ADF0 /* HomeViewModel.swift */ = {isa = PBXFileReference; lastKnownFileType = sourcecode.swift; path = HomeViewModel.swift; sourceTree = "<group>"; };
		CA24B4342BE12B6B0035C4AD /* GymManager.app */ = {isa = PBXFileReference; explicitFileType = wrapper.application; includeInIndex = 0; path = GymManager.app; sourceTree = BUILT_PRODUCTS_DIR; };
		CA24B4372BE12B6B0035C4AD /* AppDelegate.swift */ = {isa = PBXFileReference; lastKnownFileType = sourcecode.swift; path = AppDelegate.swift; sourceTree = "<group>"; };
		CA24B4392BE12B6B0035C4AD /* SceneDelegate.swift */ = {isa = PBXFileReference; lastKnownFileType = sourcecode.swift; path = SceneDelegate.swift; sourceTree = "<group>"; };
		CA24B4402BE12B6C0035C4AD /* Assets.xcassets */ = {isa = PBXFileReference; lastKnownFileType = folder.assetcatalog; path = Assets.xcassets; sourceTree = "<group>"; };
		CA24B4432BE12B6C0035C4AD /* Base */ = {isa = PBXFileReference; lastKnownFileType = file.storyboard; name = Base; path = Base.lproj/LaunchScreen.storyboard; sourceTree = "<group>"; };
		CA24B4452BE12B6C0035C4AD /* Info.plist */ = {isa = PBXFileReference; lastKnownFileType = text.plist.xml; path = Info.plist; sourceTree = "<group>"; };
		CA486E222BF2B50B0097FAA7 /* HomeView.swift */ = {isa = PBXFileReference; lastKnownFileType = sourcecode.swift; path = HomeView.swift; sourceTree = "<group>"; };
		CA486E242BF2B51A0097FAA7 /* HomeViewController.swift */ = {isa = PBXFileReference; lastKnownFileType = sourcecode.swift; path = HomeViewController.swift; sourceTree = "<group>"; };
		CA486E262BF2B5260097FAA7 /* HomeViewDelegate.swift */ = {isa = PBXFileReference; lastKnownFileType = sourcecode.swift; path = HomeViewDelegate.swift; sourceTree = "<group>"; };
		CA486E282BF2BDC80097FAA7 /* HomeCoordinator.swift */ = {isa = PBXFileReference; lastKnownFileType = sourcecode.swift; path = HomeCoordinator.swift; sourceTree = "<group>"; };
		CA486E2A2BF2C6BD0097FAA7 /* HomeWorksheetCollectionViewCell.swift */ = {isa = PBXFileReference; lastKnownFileType = sourcecode.swift; path = HomeWorksheetCollectionViewCell.swift; sourceTree = "<group>"; };
		CA4D22502BEA53EF00DD7D06 /* IndexView.swift */ = {isa = PBXFileReference; lastKnownFileType = sourcecode.swift; path = IndexView.swift; sourceTree = "<group>"; };
		CA4D22532BEA547E00DD7D06 /* CoordinatorProtocol.swift */ = {isa = PBXFileReference; lastKnownFileType = sourcecode.swift; path = CoordinatorProtocol.swift; sourceTree = "<group>"; };
		CA4D22552BEA54D600DD7D06 /* IndexCoordinator.swift */ = {isa = PBXFileReference; lastKnownFileType = sourcecode.swift; path = IndexCoordinator.swift; sourceTree = "<group>"; };
		CA4D22572BEA551D00DD7D06 /* IndexViewController.swift */ = {isa = PBXFileReference; lastKnownFileType = sourcecode.swift; path = IndexViewController.swift; sourceTree = "<group>"; };
		CA4D22592BEA5D4800DD7D06 /* UIViewExtension.swift */ = {isa = PBXFileReference; lastKnownFileType = sourcecode.swift; path = UIViewExtension.swift; sourceTree = "<group>"; };
		CA67B9242BED09F800221906 /* RegisterIndexView.swift */ = {isa = PBXFileReference; lastKnownFileType = sourcecode.swift; path = RegisterIndexView.swift; sourceTree = "<group>"; };
		CA67B9262BED0A3300221906 /* RegisterIndexViewController.swift */ = {isa = PBXFileReference; lastKnownFileType = sourcecode.swift; path = RegisterIndexViewController.swift; sourceTree = "<group>"; };
		CA67B9292BED0A7500221906 /* RegisterIndexViewDelegate.swift */ = {isa = PBXFileReference; lastKnownFileType = sourcecode.swift; path = RegisterIndexViewDelegate.swift; sourceTree = "<group>"; };
		CA67B92B2BED0A8B00221906 /* RegisterIndexCoordinator.swift */ = {isa = PBXFileReference; lastKnownFileType = sourcecode.swift; path = RegisterIndexCoordinator.swift; sourceTree = "<group>"; };
		CA67B92E2BED2A7800221906 /* RegisterGenderViewController.swift */ = {isa = PBXFileReference; lastKnownFileType = sourcecode.swift; path = RegisterGenderViewController.swift; sourceTree = "<group>"; };
		CA67B9302BED2A8B00221906 /* RegisterGenderView.swift */ = {isa = PBXFileReference; lastKnownFileType = sourcecode.swift; path = RegisterGenderView.swift; sourceTree = "<group>"; };
		CA67B9322BED2A9E00221906 /* RegisterGenderDelegate.swift */ = {isa = PBXFileReference; lastKnownFileType = sourcecode.swift; path = RegisterGenderDelegate.swift; sourceTree = "<group>"; };
		CA67B9342BED2AE500221906 /* RegisterGenderCoordinator.swift */ = {isa = PBXFileReference; lastKnownFileType = sourcecode.swift; path = RegisterGenderCoordinator.swift; sourceTree = "<group>"; };
		CA67B9372BED455C00221906 /* RegisterAgeView.swift */ = {isa = PBXFileReference; lastKnownFileType = sourcecode.swift; path = RegisterAgeView.swift; sourceTree = "<group>"; };
		CA67B9392BED456B00221906 /* RegisterAgeViewController.swift */ = {isa = PBXFileReference; lastKnownFileType = sourcecode.swift; path = RegisterAgeViewController.swift; sourceTree = "<group>"; };
		CA67B93B2BED457C00221906 /* RegisterAgeViewDelegate.swift */ = {isa = PBXFileReference; lastKnownFileType = sourcecode.swift; path = RegisterAgeViewDelegate.swift; sourceTree = "<group>"; };
		CA67B93D2BED45A200221906 /* RegisterAgeCoordinator.swift */ = {isa = PBXFileReference; lastKnownFileType = sourcecode.swift; path = RegisterAgeCoordinator.swift; sourceTree = "<group>"; };
		CA7AA8462BF23A7400A5DA33 /* RegisterWeightViewController.swift */ = {isa = PBXFileReference; lastKnownFileType = sourcecode.swift; path = RegisterWeightViewController.swift; sourceTree = "<group>"; };
		CA7AA8482BF23A8900A5DA33 /* RegisterWeightView.swift */ = {isa = PBXFileReference; lastKnownFileType = sourcecode.swift; path = RegisterWeightView.swift; sourceTree = "<group>"; };
		CA7AA84A2BF23A9F00A5DA33 /* RegisterWeightViewDelegate.swift */ = {isa = PBXFileReference; lastKnownFileType = sourcecode.swift; path = RegisterWeightViewDelegate.swift; sourceTree = "<group>"; };
		CA7AA84C2BF23B7300A5DA33 /* RegisterWeightCoordinator.swift */ = {isa = PBXFileReference; lastKnownFileType = sourcecode.swift; path = RegisterWeightCoordinator.swift; sourceTree = "<group>"; };
		CA7AA84F2BF2436E00A5DA33 /* RegisterGoalView.swift */ = {isa = PBXFileReference; lastKnownFileType = sourcecode.swift; path = RegisterGoalView.swift; sourceTree = "<group>"; };
		CA7AA8512BF2437D00A5DA33 /* RegisterGoalViewController.swift */ = {isa = PBXFileReference; lastKnownFileType = sourcecode.swift; path = RegisterGoalViewController.swift; sourceTree = "<group>"; };
		CA7AA8532BF2438900A5DA33 /* RegisterGoalViewDelegate.swift */ = {isa = PBXFileReference; lastKnownFileType = sourcecode.swift; path = RegisterGoalViewDelegate.swift; sourceTree = "<group>"; };
		CA7AA8552BF244EC00A5DA33 /* RegisterGoalCoordinator.swift */ = {isa = PBXFileReference; lastKnownFileType = sourcecode.swift; path = RegisterGoalCoordinator.swift; sourceTree = "<group>"; };
		CA7AA8592BF2493A00A5DA33 /* RegisterSucessViewController.swift */ = {isa = PBXFileReference; lastKnownFileType = sourcecode.swift; path = RegisterSucessViewController.swift; sourceTree = "<group>"; };
		CA7AA85B2BF2495500A5DA33 /* RegisterSucessView.swift */ = {isa = PBXFileReference; lastKnownFileType = sourcecode.swift; path = RegisterSucessView.swift; sourceTree = "<group>"; };
		CA7AA85D2BF2496B00A5DA33 /* RegisterSucessViewDelegate.swift */ = {isa = PBXFileReference; lastKnownFileType = sourcecode.swift; path = RegisterSucessViewDelegate.swift; sourceTree = "<group>"; };
		CA7AA85F2BF24A6300A5DA33 /* RegisterSucessCoordinator.swift */ = {isa = PBXFileReference; lastKnownFileType = sourcecode.swift; path = RegisterSucessCoordinator.swift; sourceTree = "<group>"; };
		CA940B7F2BF4DAD500548C36 /* UserBuilder.swift */ = {isa = PBXFileReference; lastKnownFileType = sourcecode.swift; path = UserBuilder.swift; sourceTree = "<group>"; };
		CA940B812BF4DB5600548C36 /* Worksheet.swift */ = {isa = PBXFileReference; lastKnownFileType = sourcecode.swift; path = Worksheet.swift; sourceTree = "<group>"; };
		CA940B832BF4DB7500548C36 /* Assessment.swift */ = {isa = PBXFileReference; lastKnownFileType = sourcecode.swift; path = Assessment.swift; sourceTree = "<group>"; };
		CA940B872BF4E40200548C36 /* RegisterViewModel.swift */ = {isa = PBXFileReference; lastKnownFileType = sourcecode.swift; path = RegisterViewModel.swift; sourceTree = "<group>"; };
		CA971F902BEA757C00D03161 /* RobotoSlab-Black.ttf */ = {isa = PBXFileReference; lastKnownFileType = file; path = "RobotoSlab-Black.ttf"; sourceTree = "<group>"; };
		CA971F912BEA757C00D03161 /* RobotoSlab-ExtraLight.ttf */ = {isa = PBXFileReference; lastKnownFileType = file; path = "RobotoSlab-ExtraLight.ttf"; sourceTree = "<group>"; };
		CA971F922BEA757C00D03161 /* RobotoSlab-SemiBold.ttf */ = {isa = PBXFileReference; lastKnownFileType = file; path = "RobotoSlab-SemiBold.ttf"; sourceTree = "<group>"; };
		CA971F932BEA757C00D03161 /* RobotoSlab-ExtraBold.ttf */ = {isa = PBXFileReference; lastKnownFileType = file; path = "RobotoSlab-ExtraBold.ttf"; sourceTree = "<group>"; };
		CA971F942BEA757C00D03161 /* RobotoSlab-Bold.ttf */ = {isa = PBXFileReference; lastKnownFileType = file; path = "RobotoSlab-Bold.ttf"; sourceTree = "<group>"; };
		CA971F952BEA757C00D03161 /* RobotoSlab-Regular.ttf */ = {isa = PBXFileReference; lastKnownFileType = file; path = "RobotoSlab-Regular.ttf"; sourceTree = "<group>"; };
		CA971F9C2BEA908C00D03161 /* IndexViewDelegate.swift */ = {isa = PBXFileReference; lastKnownFileType = sourcecode.swift; path = IndexViewDelegate.swift; sourceTree = "<group>"; };
		CA971F9F2BEA92AB00D03161 /* AboutViewController.swift */ = {isa = PBXFileReference; lastKnownFileType = sourcecode.swift; path = AboutViewController.swift; sourceTree = "<group>"; };
		CA971FA12BEA92D400D03161 /* AboutCoordinator.swift */ = {isa = PBXFileReference; lastKnownFileType = sourcecode.swift; path = AboutCoordinator.swift; sourceTree = "<group>"; };
		CA971FA32BEA97E400D03161 /* AboutView.swift */ = {isa = PBXFileReference; lastKnownFileType = sourcecode.swift; path = AboutView.swift; sourceTree = "<group>"; };
		CA971FA52BEA9B1C00D03161 /* CustomText.swift */ = {isa = PBXFileReference; lastKnownFileType = sourcecode.swift; path = CustomText.swift; sourceTree = "<group>"; };
		CA971FA72BEAA2EB00D03161 /* AboutViewDelegate.swift */ = {isa = PBXFileReference; lastKnownFileType = sourcecode.swift; path = AboutViewDelegate.swift; sourceTree = "<group>"; };
		CA971FAA2BEAA76C00D03161 /* LoginViewController.swift */ = {isa = PBXFileReference; lastKnownFileType = sourcecode.swift; path = LoginViewController.swift; sourceTree = "<group>"; };
		CA971FAC2BEAA78400D03161 /* LoginView.swift */ = {isa = PBXFileReference; lastKnownFileType = sourcecode.swift; path = LoginView.swift; sourceTree = "<group>"; };
		CA971FAE2BEAA83400D03161 /* LoginViewDelegate.swift */ = {isa = PBXFileReference; lastKnownFileType = sourcecode.swift; path = LoginViewDelegate.swift; sourceTree = "<group>"; };
		CA971FB02BEAA8B900D03161 /* LoginCoordinator.swift */ = {isa = PBXFileReference; lastKnownFileType = sourcecode.swift; path = LoginCoordinator.swift; sourceTree = "<group>"; };
		CAA9740B2C04B0670064E246 /* GoogleService-Info.plist */ = {isa = PBXFileReference; fileEncoding = 4; lastKnownFileType = text.plist.xml; path = "GoogleService-Info.plist"; sourceTree = "<group>"; };
		CABB76452BF3964A00C946BC /* User.swift */ = {isa = PBXFileReference; lastKnownFileType = sourcecode.swift; path = User.swift; sourceTree = "<group>"; };
		CAC219512BE97C3E0023EB1C /* CustomFont.swift */ = {isa = PBXFileReference; lastKnownFileType = sourcecode.swift; path = CustomFont.swift; sourceTree = "<group>"; };
		CACAC1E32BEBD64300B2FCFA /* ForgotView.swift */ = {isa = PBXFileReference; lastKnownFileType = sourcecode.swift; path = ForgotView.swift; sourceTree = "<group>"; };
		CACAC1E52BEBD64F00B2FCFA /* ForgotViewController.swift */ = {isa = PBXFileReference; lastKnownFileType = sourcecode.swift; path = ForgotViewController.swift; sourceTree = "<group>"; };
		CACAC1E72BEBD66500B2FCFA /* ForgotViewDelegate.swift */ = {isa = PBXFileReference; lastKnownFileType = sourcecode.swift; path = ForgotViewDelegate.swift; sourceTree = "<group>"; };
		CACAC1E92BEBD68E00B2FCFA /* ForgotCoordinator.swift */ = {isa = PBXFileReference; lastKnownFileType = sourcecode.swift; path = ForgotCoordinator.swift; sourceTree = "<group>"; };
		CAD8B9F72BE45CD700506275 /* CustomColor.swift */ = {isa = PBXFileReference; lastKnownFileType = sourcecode.swift; path = CustomColor.swift; sourceTree = "<group>"; };
		CAEE3B022BFED97F00034F1D /* HorizontalPickerView.swift */ = {isa = PBXFileReference; lastKnownFileType = sourcecode.swift; path = HorizontalPickerView.swift; sourceTree = "<group>"; };
		CAF066F52BEE8F1F000C3649 /* RegisterHeightViewController.swift */ = {isa = PBXFileReference; lastKnownFileType = sourcecode.swift; path = RegisterHeightViewController.swift; sourceTree = "<group>"; };
		CAF066F72BEE8F3B000C3649 /* RegisterHeightView.swift */ = {isa = PBXFileReference; lastKnownFileType = sourcecode.swift; path = RegisterHeightView.swift; sourceTree = "<group>"; };
		CAF066F92BEE8F4A000C3649 /* RegisterHeightViewDelegate.swift */ = {isa = PBXFileReference; lastKnownFileType = sourcecode.swift; path = RegisterHeightViewDelegate.swift; sourceTree = "<group>"; };
		CAF066FB2BEE902E000C3649 /* RegisterHeightCoordinator.swift */ = {isa = PBXFileReference; lastKnownFileType = sourcecode.swift; path = RegisterHeightCoordinator.swift; sourceTree = "<group>"; };
/* End PBXFileReference section */

/* Begin PBXFrameworksBuildPhase section */
		CA24B4312BE12B6B0035C4AD /* Frameworks */ = {
			isa = PBXFrameworksBuildPhase;
			buildActionMask = 2147483647;
			files = (
				27F7E3977105D77D0B82C6A2 /* Pods_GymManager.framework in Frameworks */,
			);
			runOnlyForDeploymentPostprocessing = 0;
		};
/* End PBXFrameworksBuildPhase section */

/* Begin PBXGroup section */
		A91EFCC6A7B6B29717781910 /* Frameworks */ = {
			isa = PBXGroup;
			children = (
				B6939868286C4B867AA76925 /* Pods_GymManager.framework */,
			);
			name = Frameworks;
			sourceTree = "<group>";
		};
		CA24B42B2BE12B6B0035C4AD = {
			isa = PBXGroup;
			children = (
				CA24B4362BE12B6B0035C4AD /* GymManager */,
				CA24B4352BE12B6B0035C4AD /* Products */,
				EF81001D67BAA0968004CDE5 /* Pods */,
				A91EFCC6A7B6B29717781910 /* Frameworks */,
			);
			sourceTree = "<group>";
		};
		CA24B4352BE12B6B0035C4AD /* Products */ = {
			isa = PBXGroup;
			children = (
				CA24B4342BE12B6B0035C4AD /* GymManager.app */,
			);
			name = Products;
			sourceTree = "<group>";
		};
		CA24B4362BE12B6B0035C4AD /* GymManager */ = {
			isa = PBXGroup;
			children = (
				CAC219502BE97BC80023EB1C /* Source */,
				CAD8B9F62BE45CC500506275 /* Utils */,
				CA940B7E2BF4DAAA00548C36 /* Service */,
				CA4D22522BEA543700DD7D06 /* Coordinator */,
				CABB76442BF3962E00C946BC /* Models */,
				CA940B862BF4E35300548C36 /* ViewModels */,
				CA940B852BF4E2F900548C36 /* Views */,
				CA24B4452BE12B6C0035C4AD /* Info.plist */,
				CAA9740B2C04B0670064E246 /* GoogleService-Info.plist */,
			);
			path = GymManager;
			sourceTree = "<group>";
		};
		CA486E212BF2B4C10097FAA7 /* Home */ = {
			isa = PBXGroup;
			children = (
				CA486E222BF2B50B0097FAA7 /* HomeView.swift */,
				CA486E242BF2B51A0097FAA7 /* HomeViewController.swift */,
				CA486E262BF2B5260097FAA7 /* HomeViewDelegate.swift */,
				CA486E2A2BF2C6BD0097FAA7 /* HomeWorksheetCollectionViewCell.swift */,
			);
			path = Home;
			sourceTree = "<group>";
		};
		CA4D224F2BEA53C900DD7D06 /* Index */ = {
			isa = PBXGroup;
			children = (
				CA4D22502BEA53EF00DD7D06 /* IndexView.swift */,
				CA4D22572BEA551D00DD7D06 /* IndexViewController.swift */,
				CA971F9C2BEA908C00D03161 /* IndexViewDelegate.swift */,
			);
			path = Index;
			sourceTree = "<group>";
		};
		CA4D22522BEA543700DD7D06 /* Coordinator */ = {
			isa = PBXGroup;
			children = (
				CA4D22532BEA547E00DD7D06 /* CoordinatorProtocol.swift */,
				CA7AA8572BF2489600A5DA33 /* RegisterCoordinators */,
				CA4D22552BEA54D600DD7D06 /* IndexCoordinator.swift */,
				CA971FA12BEA92D400D03161 /* AboutCoordinator.swift */,
				CA971FB02BEAA8B900D03161 /* LoginCoordinator.swift */,
				CACAC1E92BEBD68E00B2FCFA /* ForgotCoordinator.swift */,
				CA486E282BF2BDC80097FAA7 /* HomeCoordinator.swift */,
			);
			path = Coordinator;
			sourceTree = "<group>";
		};
		CA67B9232BED09CE00221906 /* Register */ = {
			isa = PBXGroup;
			children = (
				CA67B9282BED0A4E00221906 /* RegisterIndex */,
				CA7AA8582BF2491900A5DA33 /* RegisterSucess */,
				CA67B92D2BED2A2600221906 /* RegisterGender */,
				CA67B9362BED453800221906 /* RegisterAge */,
				CAF066F42BEE8EEB000C3649 /* RegisterHeight */,
				CA7AA8452BF23A2700A5DA33 /* RegisterWeight */,
				CA7AA84E2BF2433100A5DA33 /* RegisterGoal */,
			);
			path = Register;
			sourceTree = "<group>";
		};
		CA67B9282BED0A4E00221906 /* RegisterIndex */ = {
			isa = PBXGroup;
			children = (
				CA67B9242BED09F800221906 /* RegisterIndexView.swift */,
				CA67B9262BED0A3300221906 /* RegisterIndexViewController.swift */,
				CA67B9292BED0A7500221906 /* RegisterIndexViewDelegate.swift */,
			);
			path = RegisterIndex;
			sourceTree = "<group>";
		};
		CA67B92D2BED2A2600221906 /* RegisterGender */ = {
			isa = PBXGroup;
			children = (
				CA67B9302BED2A8B00221906 /* RegisterGenderView.swift */,
				CA67B92E2BED2A7800221906 /* RegisterGenderViewController.swift */,
				CA67B9322BED2A9E00221906 /* RegisterGenderDelegate.swift */,
			);
			path = RegisterGender;
			sourceTree = "<group>";
		};
		CA67B9362BED453800221906 /* RegisterAge */ = {
			isa = PBXGroup;
			children = (
				CA67B9372BED455C00221906 /* RegisterAgeView.swift */,
				CA67B9392BED456B00221906 /* RegisterAgeViewController.swift */,
				CA67B93B2BED457C00221906 /* RegisterAgeViewDelegate.swift */,
			);
			path = RegisterAge;
			sourceTree = "<group>";
		};
		CA7AA8452BF23A2700A5DA33 /* RegisterWeight */ = {
			isa = PBXGroup;
			children = (
				CA7AA8482BF23A8900A5DA33 /* RegisterWeightView.swift */,
				CA7AA8462BF23A7400A5DA33 /* RegisterWeightViewController.swift */,
				CA7AA84A2BF23A9F00A5DA33 /* RegisterWeightViewDelegate.swift */,
			);
			path = RegisterWeight;
			sourceTree = "<group>";
		};
		CA7AA84E2BF2433100A5DA33 /* RegisterGoal */ = {
			isa = PBXGroup;
			children = (
				CA7AA84F2BF2436E00A5DA33 /* RegisterGoalView.swift */,
				CA7AA8512BF2437D00A5DA33 /* RegisterGoalViewController.swift */,
				CA7AA8532BF2438900A5DA33 /* RegisterGoalViewDelegate.swift */,
			);
			path = RegisterGoal;
			sourceTree = "<group>";
		};
		CA7AA8572BF2489600A5DA33 /* RegisterCoordinators */ = {
			isa = PBXGroup;
			children = (
				CA67B92B2BED0A8B00221906 /* RegisterIndexCoordinator.swift */,
				CA7AA85F2BF24A6300A5DA33 /* RegisterSucessCoordinator.swift */,
				CA67B9342BED2AE500221906 /* RegisterGenderCoordinator.swift */,
				CA67B93D2BED45A200221906 /* RegisterAgeCoordinator.swift */,
				CAF066FB2BEE902E000C3649 /* RegisterHeightCoordinator.swift */,
				CA7AA84C2BF23B7300A5DA33 /* RegisterWeightCoordinator.swift */,
				CA7AA8552BF244EC00A5DA33 /* RegisterGoalCoordinator.swift */,
			);
			path = RegisterCoordinators;
			sourceTree = "<group>";
		};
		CA7AA8582BF2491900A5DA33 /* RegisterSucess */ = {
			isa = PBXGroup;
			children = (
				CA7AA85B2BF2495500A5DA33 /* RegisterSucessView.swift */,
				CA7AA8592BF2493A00A5DA33 /* RegisterSucessViewController.swift */,
				CA7AA85D2BF2496B00A5DA33 /* RegisterSucessViewDelegate.swift */,
			);
			path = RegisterSucess;
			sourceTree = "<group>";
		};
		CA940B7E2BF4DAAA00548C36 /* Service */ = {
			isa = PBXGroup;
			children = (
				CA940B7F2BF4DAD500548C36 /* UserBuilder.swift */,
			);
			path = Service;
			sourceTree = "<group>";
		};
		CA940B852BF4E2F900548C36 /* Views */ = {
			isa = PBXGroup;
			children = (
				CA4D224F2BEA53C900DD7D06 /* Index */,
				CA971F9E2BEA91C700D03161 /* About */,
				CA971FA92BEAA74500D03161 /* Login */,
				CACAC1E22BEBD49F00B2FCFA /* Forgot */,
				CA67B9232BED09CE00221906 /* Register */,
				CA486E212BF2B4C10097FAA7 /* Home */,
			);
			path = Views;
			sourceTree = "<group>";
		};
		CA940B862BF4E35300548C36 /* ViewModels */ = {
			isa = PBXGroup;
			children = (
				CA940B872BF4E40200548C36 /* RegisterViewModel.swift */,
				CA0185982C00FE6600F1ADF0 /* HomeViewModel.swift */,
			);
			path = ViewModels;
			sourceTree = "<group>";
		};
		CA971F8F2BEA756900D03161 /* Fonts */ = {
			isa = PBXGroup;
			children = (
				CA971F902BEA757C00D03161 /* RobotoSlab-Black.ttf */,
				CA971F942BEA757C00D03161 /* RobotoSlab-Bold.ttf */,
				CA971F932BEA757C00D03161 /* RobotoSlab-ExtraBold.ttf */,
				CA971F912BEA757C00D03161 /* RobotoSlab-ExtraLight.ttf */,
				CA971F952BEA757C00D03161 /* RobotoSlab-Regular.ttf */,
				CA971F922BEA757C00D03161 /* RobotoSlab-SemiBold.ttf */,
			);
			path = Fonts;
			sourceTree = "<group>";
		};
		CA971F9E2BEA91C700D03161 /* About */ = {
			isa = PBXGroup;
			children = (
				CA971FA32BEA97E400D03161 /* AboutView.swift */,
				CA971F9F2BEA92AB00D03161 /* AboutViewController.swift */,
				CA971FA72BEAA2EB00D03161 /* AboutViewDelegate.swift */,
			);
			path = About;
			sourceTree = "<group>";
		};
		CA971FA92BEAA74500D03161 /* Login */ = {
			isa = PBXGroup;
			children = (
				CA971FAC2BEAA78400D03161 /* LoginView.swift */,
				CA971FAA2BEAA76C00D03161 /* LoginViewController.swift */,
				CA971FAE2BEAA83400D03161 /* LoginViewDelegate.swift */,
			);
			path = Login;
			sourceTree = "<group>";
		};
		CABB76442BF3962E00C946BC /* Models */ = {
			isa = PBXGroup;
			children = (
				CABB76452BF3964A00C946BC /* User.swift */,
				CA940B812BF4DB5600548C36 /* Worksheet.swift */,
				CA940B832BF4DB7500548C36 /* Assessment.swift */,
			);
			path = Models;
			sourceTree = "<group>";
		};
		CAC219502BE97BC80023EB1C /* Source */ = {
			isa = PBXGroup;
			children = (
				CA24B4402BE12B6C0035C4AD /* Assets.xcassets */,
				CA24B4372BE12B6B0035C4AD /* AppDelegate.swift */,
				CA24B4392BE12B6B0035C4AD /* SceneDelegate.swift */,
				CA24B4422BE12B6C0035C4AD /* LaunchScreen.storyboard */,
			);
			path = Source;
			sourceTree = "<group>";
		};
		CACAC1E22BEBD49F00B2FCFA /* Forgot */ = {
			isa = PBXGroup;
			children = (
				CACAC1E32BEBD64300B2FCFA /* ForgotView.swift */,
				CACAC1E52BEBD64F00B2FCFA /* ForgotViewController.swift */,
				CACAC1E72BEBD66500B2FCFA /* ForgotViewDelegate.swift */,
			);
			path = Forgot;
			sourceTree = "<group>";
		};
		CAD8B9F62BE45CC500506275 /* Utils */ = {
			isa = PBXGroup;
			children = (
				CA971F8F2BEA756900D03161 /* Fonts */,
				CAD8B9F72BE45CD700506275 /* CustomColor.swift */,
				CAC219512BE97C3E0023EB1C /* CustomFont.swift */,
				CA971FA52BEA9B1C00D03161 /* CustomText.swift */,
				CA4D22592BEA5D4800DD7D06 /* UIViewExtension.swift */,
				CAEE3B022BFED97F00034F1D /* HorizontalPickerView.swift */,
			);
			path = Utils;
			sourceTree = "<group>";
		};
		CAF066F42BEE8EEB000C3649 /* RegisterHeight */ = {
			isa = PBXGroup;
			children = (
				CAF066F72BEE8F3B000C3649 /* RegisterHeightView.swift */,
				CAF066F52BEE8F1F000C3649 /* RegisterHeightViewController.swift */,
				CAF066F92BEE8F4A000C3649 /* RegisterHeightViewDelegate.swift */,
			);
			path = RegisterHeight;
			sourceTree = "<group>";
		};
		EF81001D67BAA0968004CDE5 /* Pods */ = {
			isa = PBXGroup;
			children = (
				9FCC5D21A41C617CAC098BC2 /* Pods-GymManager.debug.xcconfig */,
				44D715590FB565B9930C66FE /* Pods-GymManager.release.xcconfig */,
			);
			path = Pods;
			sourceTree = "<group>";
		};
/* End PBXGroup section */

/* Begin PBXNativeTarget section */
		CA24B4332BE12B6B0035C4AD /* GymManager */ = {
			isa = PBXNativeTarget;
			buildConfigurationList = CA24B4482BE12B6C0035C4AD /* Build configuration list for PBXNativeTarget "GymManager" */;
			buildPhases = (
				69CDBC79C5C09DC40C97D0C9 /* [CP] Check Pods Manifest.lock */,
				CA24B4302BE12B6B0035C4AD /* Sources */,
				CA24B4312BE12B6B0035C4AD /* Frameworks */,
				CA24B4322BE12B6B0035C4AD /* Resources */,
				0C89AEEE67BBC48915BCF838 /* [CP] Embed Pods Frameworks */,
			);
			buildRules = (
			);
			dependencies = (
			);
			name = GymManager;
			productName = GymManager;
			productReference = CA24B4342BE12B6B0035C4AD /* GymManager.app */;
			productType = "com.apple.product-type.application";
		};
/* End PBXNativeTarget section */

/* Begin PBXProject section */
		CA24B42C2BE12B6B0035C4AD /* Project object */ = {
			isa = PBXProject;
			attributes = {
				BuildIndependentTargetsInParallel = 1;
				LastSwiftUpdateCheck = 1520;
				LastUpgradeCheck = 1520;
				TargetAttributes = {
					CA24B4332BE12B6B0035C4AD = {
						CreatedOnToolsVersion = 15.2;
					};
				};
			};
			buildConfigurationList = CA24B42F2BE12B6B0035C4AD /* Build configuration list for PBXProject "GymManager" */;
			compatibilityVersion = "Xcode 14.0";
			developmentRegion = en;
			hasScannedForEncodings = 0;
			knownRegions = (
				en,
				Base,
			);
			mainGroup = CA24B42B2BE12B6B0035C4AD;
			productRefGroup = CA24B4352BE12B6B0035C4AD /* Products */;
			projectDirPath = "";
			projectRoot = "";
			targets = (
				CA24B4332BE12B6B0035C4AD /* GymManager */,
			);
		};
/* End PBXProject section */

/* Begin PBXResourcesBuildPhase section */
		CA24B4322BE12B6B0035C4AD /* Resources */ = {
			isa = PBXResourcesBuildPhase;
			buildActionMask = 2147483647;
			files = (
				CA971F9B2BEA757C00D03161 /* RobotoSlab-Regular.ttf in Resources */,
				CA24B4442BE12B6C0035C4AD /* LaunchScreen.storyboard in Resources */,
				CAA9740C2C04B0670064E246 /* GoogleService-Info.plist in Resources */,
				CA971F972BEA757C00D03161 /* RobotoSlab-ExtraLight.ttf in Resources */,
				CA971F9A2BEA757C00D03161 /* RobotoSlab-Bold.ttf in Resources */,
				CA971F962BEA757C00D03161 /* RobotoSlab-Black.ttf in Resources */,
				CA24B4412BE12B6C0035C4AD /* Assets.xcassets in Resources */,
				CA971F982BEA757C00D03161 /* RobotoSlab-SemiBold.ttf in Resources */,
				CA971F992BEA757C00D03161 /* RobotoSlab-ExtraBold.ttf in Resources */,
			);
			runOnlyForDeploymentPostprocessing = 0;
		};
/* End PBXResourcesBuildPhase section */

/* Begin PBXShellScriptBuildPhase section */
		0C89AEEE67BBC48915BCF838 /* [CP] Embed Pods Frameworks */ = {
			isa = PBXShellScriptBuildPhase;
			buildActionMask = 2147483647;
			files = (
			);
			inputFileListPaths = (
				"${PODS_ROOT}/Target Support Files/Pods-GymManager/Pods-GymManager-frameworks-${CONFIGURATION}-input-files.xcfilelist",
			);
			name = "[CP] Embed Pods Frameworks";
			outputFileListPaths = (
				"${PODS_ROOT}/Target Support Files/Pods-GymManager/Pods-GymManager-frameworks-${CONFIGURATION}-output-files.xcfilelist",
			);
			runOnlyForDeploymentPostprocessing = 0;
			shellPath = /bin/sh;
			shellScript = "\"${PODS_ROOT}/Target Support Files/Pods-GymManager/Pods-GymManager-frameworks.sh\"\n";
			showEnvVarsInLog = 0;
		};
		69CDBC79C5C09DC40C97D0C9 /* [CP] Check Pods Manifest.lock */ = {
			isa = PBXShellScriptBuildPhase;
			buildActionMask = 2147483647;
			files = (
			);
			inputFileListPaths = (
			);
			inputPaths = (
				"${PODS_PODFILE_DIR_PATH}/Podfile.lock",
				"${PODS_ROOT}/Manifest.lock",
			);
			name = "[CP] Check Pods Manifest.lock";
			outputFileListPaths = (
			);
			outputPaths = (
				"$(DERIVED_FILE_DIR)/Pods-GymManager-checkManifestLockResult.txt",
			);
			runOnlyForDeploymentPostprocessing = 0;
			shellPath = /bin/sh;
			shellScript = "diff \"${PODS_PODFILE_DIR_PATH}/Podfile.lock\" \"${PODS_ROOT}/Manifest.lock\" > /dev/null\nif [ $? != 0 ] ; then\n    # print error to STDERR\n    echo \"error: The sandbox is not in sync with the Podfile.lock. Run 'pod install' or update your CocoaPods installation.\" >&2\n    exit 1\nfi\n# This output is used by Xcode 'outputs' to avoid re-running this script phase.\necho \"SUCCESS\" > \"${SCRIPT_OUTPUT_FILE_0}\"\n";
			showEnvVarsInLog = 0;
		};
/* End PBXShellScriptBuildPhase section */

/* Begin PBXSourcesBuildPhase section */
		CA24B4302BE12B6B0035C4AD /* Sources */ = {
			isa = PBXSourcesBuildPhase;
			buildActionMask = 2147483647;
			files = (
				CA971FA22BEA92D400D03161 /* AboutCoordinator.swift in Sources */,
				CA7AA8492BF23A8900A5DA33 /* RegisterWeightView.swift in Sources */,
				CA486E272BF2B5260097FAA7 /* HomeViewDelegate.swift in Sources */,
				CACAC1EA2BEBD68E00B2FCFA /* ForgotCoordinator.swift in Sources */,
				CA67B9332BED2A9E00221906 /* RegisterGenderDelegate.swift in Sources */,
				CA7AA85E2BF2496B00A5DA33 /* RegisterSucessViewDelegate.swift in Sources */,
				CA67B9312BED2A8B00221906 /* RegisterGenderView.swift in Sources */,
				CA7AA8542BF2438900A5DA33 /* RegisterGoalViewDelegate.swift in Sources */,
				CA67B93A2BED456B00221906 /* RegisterAgeViewController.swift in Sources */,
				CA940B842BF4DB7500548C36 /* Assessment.swift in Sources */,
				CA7AA84B2BF23A9F00A5DA33 /* RegisterWeightViewDelegate.swift in Sources */,
				CA7AA8602BF24A6300A5DA33 /* RegisterSucessCoordinator.swift in Sources */,
				CA940B822BF4DB5600548C36 /* Worksheet.swift in Sources */,
				CA67B9252BED09F800221906 /* RegisterIndexView.swift in Sources */,
				CA24B4382BE12B6B0035C4AD /* AppDelegate.swift in Sources */,
				CAC219522BE97C3E0023EB1C /* CustomFont.swift in Sources */,
				CA7AA85C2BF2495500A5DA33 /* RegisterSucessView.swift in Sources */,
				CA7AA8562BF244EC00A5DA33 /* RegisterGoalCoordinator.swift in Sources */,
				CACAC1E42BEBD64300B2FCFA /* ForgotView.swift in Sources */,
				CA67B92F2BED2A7800221906 /* RegisterGenderViewController.swift in Sources */,
				CA67B9272BED0A3300221906 /* RegisterIndexViewController.swift in Sources */,
				CA971FA02BEA92AB00D03161 /* AboutViewController.swift in Sources */,
				CAEE3B032BFED97F00034F1D /* HorizontalPickerView.swift in Sources */,
				CACAC1E82BEBD66500B2FCFA /* ForgotViewDelegate.swift in Sources */,
				CA486E252BF2B51A0097FAA7 /* HomeViewController.swift in Sources */,
				CA971FA42BEA97E400D03161 /* AboutView.swift in Sources */,
				CA67B93C2BED457C00221906 /* RegisterAgeViewDelegate.swift in Sources */,
				CA7AA85A2BF2493A00A5DA33 /* RegisterSucessViewController.swift in Sources */,
				CA971F9D2BEA908C00D03161 /* IndexViewDelegate.swift in Sources */,
				CA971FA62BEA9B1C00D03161 /* CustomText.swift in Sources */,
				CA4D22562BEA54D600DD7D06 /* IndexCoordinator.swift in Sources */,
				CA486E2B2BF2C6BD0097FAA7 /* HomeWorksheetCollectionViewCell.swift in Sources */,
				CA4D22582BEA551D00DD7D06 /* IndexViewController.swift in Sources */,
				CA67B92C2BED0A8B00221906 /* RegisterIndexCoordinator.swift in Sources */,
				CA971FAF2BEAA83400D03161 /* LoginViewDelegate.swift in Sources */,
				CA4D22542BEA547E00DD7D06 /* CoordinatorProtocol.swift in Sources */,
				CA486E292BF2BDC80097FAA7 /* HomeCoordinator.swift in Sources */,
				CA0185992C00FE6600F1ADF0 /* HomeViewModel.swift in Sources */,
				CA7AA84D2BF23B7300A5DA33 /* RegisterWeightCoordinator.swift in Sources */,
				CA971FAD2BEAA78400D03161 /* LoginView.swift in Sources */,
				CAD8B9F82BE45CD700506275 /* CustomColor.swift in Sources */,
				CA67B93E2BED45A200221906 /* RegisterAgeCoordinator.swift in Sources */,
				CA971FA82BEAA2EB00D03161 /* AboutViewDelegate.swift in Sources */,
				CA971FAB2BEAA76C00D03161 /* LoginViewController.swift in Sources */,
				CA940B882BF4E40200548C36 /* RegisterViewModel.swift in Sources */,
				CA4D225A2BEA5D4800DD7D06 /* UIViewExtension.swift in Sources */,
				CA67B92A2BED0A7500221906 /* RegisterIndexViewDelegate.swift in Sources */,
				CA7AA8472BF23A7400A5DA33 /* RegisterWeightViewController.swift in Sources */,
				CA7AA8502BF2436E00A5DA33 /* RegisterGoalView.swift in Sources */,
				CACAC1E62BEBD64F00B2FCFA /* ForgotViewController.swift in Sources */,
				CA486E232BF2B50B0097FAA7 /* HomeView.swift in Sources */,
				CAF066FA2BEE8F4A000C3649 /* RegisterHeightViewDelegate.swift in Sources */,
				CAF066F62BEE8F1F000C3649 /* RegisterHeightViewController.swift in Sources */,
				CA67B9352BED2AE500221906 /* RegisterGenderCoordinator.swift in Sources */,
				CA7AA8522BF2437D00A5DA33 /* RegisterGoalViewController.swift in Sources */,
				CA4D22512BEA53EF00DD7D06 /* IndexView.swift in Sources */,
				CAF066FC2BEE902E000C3649 /* RegisterHeightCoordinator.swift in Sources */,
				CAF066F82BEE8F3B000C3649 /* RegisterHeightView.swift in Sources */,
				CA67B9382BED455C00221906 /* RegisterAgeView.swift in Sources */,
				CA24B43A2BE12B6B0035C4AD /* SceneDelegate.swift in Sources */,
				CA971FB12BEAA8B900D03161 /* LoginCoordinator.swift in Sources */,
				CA940B802BF4DAD500548C36 /* UserBuilder.swift in Sources */,
				CABB76462BF3964A00C946BC /* User.swift in Sources */,
			);
			runOnlyForDeploymentPostprocessing = 0;
		};
/* End PBXSourcesBuildPhase section */

/* Begin PBXVariantGroup section */
		CA24B4422BE12B6C0035C4AD /* LaunchScreen.storyboard */ = {
			isa = PBXVariantGroup;
			children = (
				CA24B4432BE12B6C0035C4AD /* Base */,
			);
			name = LaunchScreen.storyboard;
			sourceTree = "<group>";
		};
/* End PBXVariantGroup section */

/* Begin XCBuildConfiguration section */
		CA24B4462BE12B6C0035C4AD /* Debug */ = {
			isa = XCBuildConfiguration;
			buildSettings = {
				ALWAYS_SEARCH_USER_PATHS = NO;
				ASSETCATALOG_COMPILER_GENERATE_SWIFT_ASSET_SYMBOL_EXTENSIONS = YES;
				CLANG_ANALYZER_NONNULL = YES;
				CLANG_ANALYZER_NUMBER_OBJECT_CONVERSION = YES_AGGRESSIVE;
				CLANG_CXX_LANGUAGE_STANDARD = "gnu++20";
				CLANG_ENABLE_MODULES = YES;
				CLANG_ENABLE_OBJC_ARC = YES;
				CLANG_ENABLE_OBJC_WEAK = YES;
				CLANG_WARN_BLOCK_CAPTURE_AUTORELEASING = YES;
				CLANG_WARN_BOOL_CONVERSION = YES;
				CLANG_WARN_COMMA = YES;
				CLANG_WARN_CONSTANT_CONVERSION = YES;
				CLANG_WARN_DEPRECATED_OBJC_IMPLEMENTATIONS = YES;
				CLANG_WARN_DIRECT_OBJC_ISA_USAGE = YES_ERROR;
				CLANG_WARN_DOCUMENTATION_COMMENTS = YES;
				CLANG_WARN_EMPTY_BODY = YES;
				CLANG_WARN_ENUM_CONVERSION = YES;
				CLANG_WARN_INFINITE_RECURSION = YES;
				CLANG_WARN_INT_CONVERSION = YES;
				CLANG_WARN_NON_LITERAL_NULL_CONVERSION = YES;
				CLANG_WARN_OBJC_IMPLICIT_RETAIN_SELF = YES;
				CLANG_WARN_OBJC_LITERAL_CONVERSION = YES;
				CLANG_WARN_OBJC_ROOT_CLASS = YES_ERROR;
				CLANG_WARN_QUOTED_INCLUDE_IN_FRAMEWORK_HEADER = YES;
				CLANG_WARN_RANGE_LOOP_ANALYSIS = YES;
				CLANG_WARN_STRICT_PROTOTYPES = YES;
				CLANG_WARN_SUSPICIOUS_MOVE = YES;
				CLANG_WARN_UNGUARDED_AVAILABILITY = YES_AGGRESSIVE;
				CLANG_WARN_UNREACHABLE_CODE = YES;
				CLANG_WARN__DUPLICATE_METHOD_MATCH = YES;
				COPY_PHASE_STRIP = NO;
				DEBUG_INFORMATION_FORMAT = dwarf;
				ENABLE_STRICT_OBJC_MSGSEND = YES;
				ENABLE_TESTABILITY = YES;
				ENABLE_USER_SCRIPT_SANDBOXING = YES;
				GCC_C_LANGUAGE_STANDARD = gnu17;
				GCC_DYNAMIC_NO_PIC = NO;
				GCC_NO_COMMON_BLOCKS = YES;
				GCC_OPTIMIZATION_LEVEL = 0;
				GCC_PREPROCESSOR_DEFINITIONS = (
					"DEBUG=1",
					"$(inherited)",
				);
				GCC_WARN_64_TO_32_BIT_CONVERSION = YES;
				GCC_WARN_ABOUT_RETURN_TYPE = YES_ERROR;
				GCC_WARN_UNDECLARED_SELECTOR = YES;
				GCC_WARN_UNINITIALIZED_AUTOS = YES_AGGRESSIVE;
				GCC_WARN_UNUSED_FUNCTION = YES;
				GCC_WARN_UNUSED_VARIABLE = YES;
				IPHONEOS_DEPLOYMENT_TARGET = 17.2;
				LOCALIZATION_PREFERS_STRING_CATALOGS = YES;
				MTL_ENABLE_DEBUG_INFO = INCLUDE_SOURCE;
				MTL_FAST_MATH = YES;
				ONLY_ACTIVE_ARCH = YES;
				SDKROOT = iphoneos;
				SWIFT_ACTIVE_COMPILATION_CONDITIONS = "DEBUG $(inherited)";
				SWIFT_OPTIMIZATION_LEVEL = "-Onone";
			};
			name = Debug;
		};
		CA24B4472BE12B6C0035C4AD /* Release */ = {
			isa = XCBuildConfiguration;
			buildSettings = {
				ALWAYS_SEARCH_USER_PATHS = NO;
				ASSETCATALOG_COMPILER_GENERATE_SWIFT_ASSET_SYMBOL_EXTENSIONS = YES;
				CLANG_ANALYZER_NONNULL = YES;
				CLANG_ANALYZER_NUMBER_OBJECT_CONVERSION = YES_AGGRESSIVE;
				CLANG_CXX_LANGUAGE_STANDARD = "gnu++20";
				CLANG_ENABLE_MODULES = YES;
				CLANG_ENABLE_OBJC_ARC = YES;
				CLANG_ENABLE_OBJC_WEAK = YES;
				CLANG_WARN_BLOCK_CAPTURE_AUTORELEASING = YES;
				CLANG_WARN_BOOL_CONVERSION = YES;
				CLANG_WARN_COMMA = YES;
				CLANG_WARN_CONSTANT_CONVERSION = YES;
				CLANG_WARN_DEPRECATED_OBJC_IMPLEMENTATIONS = YES;
				CLANG_WARN_DIRECT_OBJC_ISA_USAGE = YES_ERROR;
				CLANG_WARN_DOCUMENTATION_COMMENTS = YES;
				CLANG_WARN_EMPTY_BODY = YES;
				CLANG_WARN_ENUM_CONVERSION = YES;
				CLANG_WARN_INFINITE_RECURSION = YES;
				CLANG_WARN_INT_CONVERSION = YES;
				CLANG_WARN_NON_LITERAL_NULL_CONVERSION = YES;
				CLANG_WARN_OBJC_IMPLICIT_RETAIN_SELF = YES;
				CLANG_WARN_OBJC_LITERAL_CONVERSION = YES;
				CLANG_WARN_OBJC_ROOT_CLASS = YES_ERROR;
				CLANG_WARN_QUOTED_INCLUDE_IN_FRAMEWORK_HEADER = YES;
				CLANG_WARN_RANGE_LOOP_ANALYSIS = YES;
				CLANG_WARN_STRICT_PROTOTYPES = YES;
				CLANG_WARN_SUSPICIOUS_MOVE = YES;
				CLANG_WARN_UNGUARDED_AVAILABILITY = YES_AGGRESSIVE;
				CLANG_WARN_UNREACHABLE_CODE = YES;
				CLANG_WARN__DUPLICATE_METHOD_MATCH = YES;
				COPY_PHASE_STRIP = NO;
				DEBUG_INFORMATION_FORMAT = "dwarf-with-dsym";
				ENABLE_NS_ASSERTIONS = NO;
				ENABLE_STRICT_OBJC_MSGSEND = YES;
				ENABLE_USER_SCRIPT_SANDBOXING = YES;
				GCC_C_LANGUAGE_STANDARD = gnu17;
				GCC_NO_COMMON_BLOCKS = YES;
				GCC_WARN_64_TO_32_BIT_CONVERSION = YES;
				GCC_WARN_ABOUT_RETURN_TYPE = YES_ERROR;
				GCC_WARN_UNDECLARED_SELECTOR = YES;
				GCC_WARN_UNINITIALIZED_AUTOS = YES_AGGRESSIVE;
				GCC_WARN_UNUSED_FUNCTION = YES;
				GCC_WARN_UNUSED_VARIABLE = YES;
				IPHONEOS_DEPLOYMENT_TARGET = 17.2;
				LOCALIZATION_PREFERS_STRING_CATALOGS = YES;
				MTL_ENABLE_DEBUG_INFO = NO;
				MTL_FAST_MATH = YES;
				SDKROOT = iphoneos;
				SWIFT_COMPILATION_MODE = wholemodule;
				VALIDATE_PRODUCT = YES;
			};
			name = Release;
		};
		CA24B4492BE12B6C0035C4AD /* Debug */ = {
			isa = XCBuildConfiguration;
			baseConfigurationReference = 9FCC5D21A41C617CAC098BC2 /* Pods-GymManager.debug.xcconfig */;
			buildSettings = {
				ASSETCATALOG_COMPILER_APPICON_NAME = AppIcon;
				ASSETCATALOG_COMPILER_GLOBAL_ACCENT_COLOR_NAME = AccentColor;
				CODE_SIGN_STYLE = Automatic;
				CURRENT_PROJECT_VERSION = 1;
				DEVELOPMENT_TEAM = PVS74PN984;
				ENABLE_USER_SCRIPT_SANDBOXING = NO;
				GENERATE_INFOPLIST_FILE = YES;
				INFOPLIST_FILE = GymManager/Info.plist;
				INFOPLIST_KEY_UIApplicationSupportsIndirectInputEvents = YES;
				INFOPLIST_KEY_UILaunchStoryboardName = LaunchScreen;
				INFOPLIST_KEY_UIMainStoryboardFile = "";
				INFOPLIST_KEY_UISupportedInterfaceOrientations_iPad = "UIInterfaceOrientationPortrait UIInterfaceOrientationPortraitUpsideDown UIInterfaceOrientationLandscapeLeft UIInterfaceOrientationLandscapeRight";
				INFOPLIST_KEY_UISupportedInterfaceOrientations_iPhone = "UIInterfaceOrientationPortrait UIInterfaceOrientationLandscapeLeft UIInterfaceOrientationLandscapeRight";
				LD_RUNPATH_SEARCH_PATHS = (
					"$(inherited)",
					"@executable_path/Frameworks",
				);
				MARKETING_VERSION = 1.0;
				PRODUCT_BUNDLE_IDENTIFIER = com.example.GymManager;
				PRODUCT_NAME = "$(TARGET_NAME)";
				SUPPORTED_PLATFORMS = "iphoneos iphonesimulator";
				SUPPORTS_MACCATALYST = NO;
				SUPPORTS_MAC_DESIGNED_FOR_IPHONE_IPAD = NO;
				SUPPORTS_XR_DESIGNED_FOR_IPHONE_IPAD = NO;
				SWIFT_EMIT_LOC_STRINGS = YES;
				SWIFT_VERSION = 5.0;
				TARGETED_DEVICE_FAMILY = 1;
			};
			name = Debug;
		};
		CA24B44A2BE12B6C0035C4AD /* Release */ = {
			isa = XCBuildConfiguration;
			baseConfigurationReference = 44D715590FB565B9930C66FE /* Pods-GymManager.release.xcconfig */;
			buildSettings = {
				ASSETCATALOG_COMPILER_APPICON_NAME = AppIcon;
				ASSETCATALOG_COMPILER_GLOBAL_ACCENT_COLOR_NAME = AccentColor;
				CODE_SIGN_STYLE = Automatic;
				CURRENT_PROJECT_VERSION = 1;
				DEVELOPMENT_TEAM = PVS74PN984;
				ENABLE_USER_SCRIPT_SANDBOXING = NO;
				GENERATE_INFOPLIST_FILE = YES;
				INFOPLIST_FILE = GymManager/Info.plist;
				INFOPLIST_KEY_UIApplicationSupportsIndirectInputEvents = YES;
				INFOPLIST_KEY_UILaunchStoryboardName = LaunchScreen;
				INFOPLIST_KEY_UIMainStoryboardFile = "";
				INFOPLIST_KEY_UISupportedInterfaceOrientations_iPad = "UIInterfaceOrientationPortrait UIInterfaceOrientationPortraitUpsideDown UIInterfaceOrientationLandscapeLeft UIInterfaceOrientationLandscapeRight";
				INFOPLIST_KEY_UISupportedInterfaceOrientations_iPhone = "UIInterfaceOrientationPortrait UIInterfaceOrientationLandscapeLeft UIInterfaceOrientationLandscapeRight";
				LD_RUNPATH_SEARCH_PATHS = (
					"$(inherited)",
					"@executable_path/Frameworks",
				);
				MARKETING_VERSION = 1.0;
				PRODUCT_BUNDLE_IDENTIFIER = com.example.GymManager;
				PRODUCT_NAME = "$(TARGET_NAME)";
				SUPPORTED_PLATFORMS = "iphoneos iphonesimulator";
				SUPPORTS_MACCATALYST = NO;
				SUPPORTS_MAC_DESIGNED_FOR_IPHONE_IPAD = NO;
				SUPPORTS_XR_DESIGNED_FOR_IPHONE_IPAD = NO;
				SWIFT_EMIT_LOC_STRINGS = YES;
				SWIFT_VERSION = 5.0;
				TARGETED_DEVICE_FAMILY = 1;
			};
			name = Release;
		};
/* End XCBuildConfiguration section */

/* Begin XCConfigurationList section */
		CA24B42F2BE12B6B0035C4AD /* Build configuration list for PBXProject "GymManager" */ = {
			isa = XCConfigurationList;
			buildConfigurations = (
				CA24B4462BE12B6C0035C4AD /* Debug */,
				CA24B4472BE12B6C0035C4AD /* Release */,
			);
			defaultConfigurationIsVisible = 0;
			defaultConfigurationName = Release;
		};
		CA24B4482BE12B6C0035C4AD /* Build configuration list for PBXNativeTarget "GymManager" */ = {
			isa = XCConfigurationList;
			buildConfigurations = (
				CA24B4492BE12B6C0035C4AD /* Debug */,
				CA24B44A2BE12B6C0035C4AD /* Release */,
			);
			defaultConfigurationIsVisible = 0;
			defaultConfigurationName = Release;
		};
/* End XCConfigurationList section */
	};
	rootObject = CA24B42C2BE12B6B0035C4AD /* Project object */;
}
